// !$*UTF8*$!
{
	archiveVersion = 1;
	classes = {
	};
	objectVersion = 46;
	objects = {

/* Begin PBXBuildFile section */
		3206DCAE407843F6B88CF0CF /* libPods.a in Frameworks */ = {isa = PBXBuildFile; fileRef = 6853D35B6BC3472F91A23ABD /* libPods.a */; };
		8311E32C18F33F850053B4D6 /* VMArticleViewController.m in Sources */ = {isa = PBXBuildFile; fileRef = 8311E32B18F33F850053B4D6 /* VMArticleViewController.m */; };
		8311E32E18F52CC40053B4D6 /* folderIcon.png in Resources */ = {isa = PBXBuildFile; fileRef = 8311E32D18F52CC40053B4D6 /* folderIcon.png */; };
		8311E32F18F52CC40053B4D6 /* folderIcon.png in Resources */ = {isa = PBXBuildFile; fileRef = 8311E32D18F52CC40053B4D6 /* folderIcon.png */; };
		8311E33118F52FAE0053B4D6 /* markAsReadIcon.png in Resources */ = {isa = PBXBuildFile; fileRef = 8311E33018F52FAE0053B4D6 /* markAsReadIcon.png */; };
		8311E33218F52FAE0053B4D6 /* markAsReadIcon.png in Resources */ = {isa = PBXBuildFile; fileRef = 8311E33018F52FAE0053B4D6 /* markAsReadIcon.png */; };
		8327408D190701230015923A /* vmWareBlogsTestPlaceholder.jpg in Resources */ = {isa = PBXBuildFile; fileRef = 8327408C190701230015923A /* vmWareBlogsTestPlaceholder.jpg */; };
		8327408E190701230015923A /* vmWareBlogsTestPlaceholder.jpg in Resources */ = {isa = PBXBuildFile; fileRef = 8327408C190701230015923A /* vmWareBlogsTestPlaceholder.jpg */; };
		8327409019070C000015923A /* QuartzCore.framework in Frameworks */ = {isa = PBXBuildFile; fileRef = 8327408F19070C000015923A /* QuartzCore.framework */; };
		83585EAA19122ED8001D5275 /* VMArticePreviewScrollView.m in Sources */ = {isa = PBXBuildFile; fileRef = 83585EA919122ED8001D5275 /* VMArticePreviewScrollView.m */; };
		8359AED31917508C00CAD9B9 /* VMArticlePreviewView.m in Sources */ = {isa = PBXBuildFile; fileRef = 8359AED21917508C00CAD9B9 /* VMArticlePreviewView.m */; };
		8360925819006E3B00C8EA13 /* VMWareBlogsAPI.m in Sources */ = {isa = PBXBuildFile; fileRef = 8360925719006E3B00C8EA13 /* VMWareBlogsAPI.m */; };
		8360925C19007A7F00C8EA13 /* VMArticleEntityUpdater.m in Sources */ = {isa = PBXBuildFile; fileRef = 8360925B19007A7F00C8EA13 /* VMArticleEntityUpdater.m */; };
		836092601900BCC200C8EA13 /* VMTestViewController.m in Sources */ = {isa = PBXBuildFile; fileRef = 8360925F1900BCC200C8EA13 /* VMTestViewController.m */; };
		8399298D18EA04B800F3D713 /* VmWareNavBarImg-568h@2x.png in Resources */ = {isa = PBXBuildFile; fileRef = 8399298A18EA04B800F3D713 /* VmWareNavBarImg-568h@2x.png */; };
		8399298E18EA04B800F3D713 /* VmWareNavBarImg-568h@2x.png in Resources */ = {isa = PBXBuildFile; fileRef = 8399298A18EA04B800F3D713 /* VmWareNavBarImg-568h@2x.png */; };
		8399298F18EA04B800F3D713 /* VmWareNavBarImg.png in Resources */ = {isa = PBXBuildFile; fileRef = 8399298B18EA04B800F3D713 /* VmWareNavBarImg.png */; };
		8399299018EA04B800F3D713 /* VmWareNavBarImg.png in Resources */ = {isa = PBXBuildFile; fileRef = 8399298B18EA04B800F3D713 /* VmWareNavBarImg.png */; };
		8399299118EA04B800F3D713 /* VmWareNavBarImg@2x.png in Resources */ = {isa = PBXBuildFile; fileRef = 8399298C18EA04B800F3D713 /* VmWareNavBarImg@2x.png */; };
		8399299218EA04B800F3D713 /* VmWareNavBarImg@2x.png in Resources */ = {isa = PBXBuildFile; fileRef = 8399298C18EA04B800F3D713 /* VmWareNavBarImg@2x.png */; };
		8399299D18EA0BF000F3D713 /* placeholder.png in Resources */ = {isa = PBXBuildFile; fileRef = 8399299C18EA0BF000F3D713 /* placeholder.png */; };
		8399299E18EA0BF000F3D713 /* placeholder.png in Resources */ = {isa = PBXBuildFile; fileRef = 8399299C18EA0BF000F3D713 /* placeholder.png */; };
		839929AB18EA12AA00F3D713 /* navBarLogoNoStatusBar-568h@2x.png in Resources */ = {isa = PBXBuildFile; fileRef = 839929A818EA12AA00F3D713 /* navBarLogoNoStatusBar-568h@2x.png */; };
		839929AC18EA12AA00F3D713 /* navBarLogoNoStatusBar-568h@2x.png in Resources */ = {isa = PBXBuildFile; fileRef = 839929A818EA12AA00F3D713 /* navBarLogoNoStatusBar-568h@2x.png */; };
		839929AD18EA12AA00F3D713 /* navBarLogoNoStatusBar.png in Resources */ = {isa = PBXBuildFile; fileRef = 839929A918EA12AA00F3D713 /* navBarLogoNoStatusBar.png */; };
		839929AE18EA12AA00F3D713 /* navBarLogoNoStatusBar.png in Resources */ = {isa = PBXBuildFile; fileRef = 839929A918EA12AA00F3D713 /* navBarLogoNoStatusBar.png */; };
		839929AF18EA12AA00F3D713 /* navBarLogoNoStatusBar@2x.png in Resources */ = {isa = PBXBuildFile; fileRef = 839929AA18EA12AA00F3D713 /* navBarLogoNoStatusBar@2x.png */; };
		839929B018EA12AA00F3D713 /* navBarLogoNoStatusBar@2x.png in Resources */ = {isa = PBXBuildFile; fileRef = 839929AA18EA12AA00F3D713 /* navBarLogoNoStatusBar@2x.png */; };
		83CF9BAD18FDE31B004DFCC4 /* VMMasterViewController.m in Sources */ = {isa = PBXBuildFile; fileRef = 83CF9BAC18FDE31B004DFCC4 /* VMMasterViewController.m */; };
		83E0742018FEF6FC00ACBD63 /* VMArticleTableViewController.m in Sources */ = {isa = PBXBuildFile; fileRef = 83E0741F18FEF6FC00ACBD63 /* VMArticleTableViewController.m */; };
		83E0742318FEFF0B00ACBD63 /* VMArticleCell.m in Sources */ = {isa = PBXBuildFile; fileRef = 83E0742218FEFF0B00ACBD63 /* VMArticleCell.m */; };
		83FE341518CE6F450080C64C /* Foundation.framework in Frameworks */ = {isa = PBXBuildFile; fileRef = 83FE341418CE6F450080C64C /* Foundation.framework */; };
		83FE341718CE6F450080C64C /* CoreGraphics.framework in Frameworks */ = {isa = PBXBuildFile; fileRef = 83FE341618CE6F450080C64C /* CoreGraphics.framework */; };
		83FE341918CE6F450080C64C /* UIKit.framework in Frameworks */ = {isa = PBXBuildFile; fileRef = 83FE341818CE6F450080C64C /* UIKit.framework */; };
		83FE341F18CE6F450080C64C /* InfoPlist.strings in Resources */ = {isa = PBXBuildFile; fileRef = 83FE341D18CE6F450080C64C /* InfoPlist.strings */; };
		83FE342118CE6F450080C64C /* main.m in Sources */ = {isa = PBXBuildFile; fileRef = 83FE342018CE6F450080C64C /* main.m */; };
		83FE342518CE6F450080C64C /* VMAppDelegate.m in Sources */ = {isa = PBXBuildFile; fileRef = 83FE342418CE6F450080C64C /* VMAppDelegate.m */; };
		83FE342818CE6F450080C64C /* Main.storyboard in Resources */ = {isa = PBXBuildFile; fileRef = 83FE342618CE6F450080C64C /* Main.storyboard */; };
		83FE342D18CE6F450080C64C /* Images.xcassets in Resources */ = {isa = PBXBuildFile; fileRef = 83FE342C18CE6F450080C64C /* Images.xcassets */; };
		83FE343418CE6F460080C64C /* XCTest.framework in Frameworks */ = {isa = PBXBuildFile; fileRef = 83FE343318CE6F460080C64C /* XCTest.framework */; };
		83FE343518CE6F460080C64C /* Foundation.framework in Frameworks */ = {isa = PBXBuildFile; fileRef = 83FE341418CE6F450080C64C /* Foundation.framework */; };
		83FE343618CE6F460080C64C /* UIKit.framework in Frameworks */ = {isa = PBXBuildFile; fileRef = 83FE341818CE6F450080C64C /* UIKit.framework */; };
		83FE343E18CE6F460080C64C /* InfoPlist.strings in Resources */ = {isa = PBXBuildFile; fileRef = 83FE343C18CE6F460080C64C /* InfoPlist.strings */; };
		83FE344018CE6F460080C64C /* VMWareBlogsTests.m in Sources */ = {isa = PBXBuildFile; fileRef = 83FE343F18CE6F460080C64C /* VMWareBlogsTests.m */; };
		83FE344B18CE6FC90080C64C /* VMBlogFeedViewController.m in Sources */ = {isa = PBXBuildFile; fileRef = 83FE344A18CE6FC90080C64C /* VMBlogFeedViewController.m */; };
		83FE344E18CE75670080C64C /* BlogModel.xcdatamodeld in Sources */ = {isa = PBXBuildFile; fileRef = 83FE344C18CE75670080C64C /* BlogModel.xcdatamodeld */; };
		83FE34DE18CFCCA10080C64C /* CoreData.framework in Frameworks */ = {isa = PBXBuildFile; fileRef = 83FE34DD18CFCCA10080C64C /* CoreData.framework */; };
		83FE34E718D0199A0080C64C /* Blog.m in Sources */ = {isa = PBXBuildFile; fileRef = 83FE34E618D0199A0080C64C /* Blog.m */; };
		83FE34ED18D912770080C64C /* VMNavigationViewController.m in Sources */ = {isa = PBXBuildFile; fileRef = 83FE34EC18D912770080C64C /* VMNavigationViewController.m */; };
		83FF03D819103D8C003AF06C /* RecentArticle.m in Sources */ = {isa = PBXBuildFile; fileRef = 83FF03D719103D8C003AF06C /* RecentArticle.m */; };
		83FF03DB19106519003AF06C /* VMRecentlyReadTableViewController.m in Sources */ = {isa = PBXBuildFile; fileRef = 83FF03DA19106519003AF06C /* VMRecentlyReadTableViewController.m */; };
		83FF03DE1911A984003AF06C /* VMTestScrollViewController.m in Sources */ = {isa = PBXBuildFile; fileRef = 83FF03DD1911A984003AF06C /* VMTestScrollViewController.m */; };
/* End PBXBuildFile section */

/* Begin PBXContainerItemProxy section */
		83FE343718CE6F460080C64C /* PBXContainerItemProxy */ = {
			isa = PBXContainerItemProxy;
			containerPortal = 83FE340918CE6F450080C64C /* Project object */;
			proxyType = 1;
			remoteGlobalIDString = 83FE341018CE6F450080C64C;
			remoteInfo = VMWareBlogs;
		};
/* End PBXContainerItemProxy section */

/* Begin PBXFileReference section */
		2510EC6ACFD44C4787D61132 /* Pods.xcconfig */ = {isa = PBXFileReference; includeInIndex = 1; lastKnownFileType = text.xcconfig; name = Pods.xcconfig; path = Pods/Pods.xcconfig; sourceTree = "<group>"; };
		6853D35B6BC3472F91A23ABD /* libPods.a */ = {isa = PBXFileReference; explicitFileType = archive.ar; includeInIndex = 0; path = libPods.a; sourceTree = BUILT_PRODUCTS_DIR; };
		8311E32A18F33F850053B4D6 /* VMArticleViewController.h */ = {isa = PBXFileReference; fileEncoding = 4; lastKnownFileType = sourcecode.c.h; path = VMArticleViewController.h; sourceTree = "<group>"; };
		8311E32B18F33F850053B4D6 /* VMArticleViewController.m */ = {isa = PBXFileReference; fileEncoding = 4; lastKnownFileType = sourcecode.c.objc; path = VMArticleViewController.m; sourceTree = "<group>"; };
		8311E32D18F52CC40053B4D6 /* folderIcon.png */ = {isa = PBXFileReference; lastKnownFileType = image.png; path = folderIcon.png; sourceTree = "<group>"; };
		8311E33018F52FAE0053B4D6 /* markAsReadIcon.png */ = {isa = PBXFileReference; lastKnownFileType = image.png; path = markAsReadIcon.png; sourceTree = "<group>"; };
		8327408C190701230015923A /* vmWareBlogsTestPlaceholder.jpg */ = {isa = PBXFileReference; lastKnownFileType = image.jpeg; path = vmWareBlogsTestPlaceholder.jpg; sourceTree = "<group>"; };
		8327408F19070C000015923A /* QuartzCore.framework */ = {isa = PBXFileReference; lastKnownFileType = wrapper.framework; name = QuartzCore.framework; path = System/Library/Frameworks/QuartzCore.framework; sourceTree = SDKROOT; };
		83585EA819122ED8001D5275 /* VMArticePreviewScrollView.h */ = {isa = PBXFileReference; fileEncoding = 4; lastKnownFileType = sourcecode.c.h; path = VMArticePreviewScrollView.h; sourceTree = "<group>"; };
		83585EA919122ED8001D5275 /* VMArticePreviewScrollView.m */ = {isa = PBXFileReference; fileEncoding = 4; lastKnownFileType = sourcecode.c.objc; path = VMArticePreviewScrollView.m; sourceTree = "<group>"; };
		8359AED11917508C00CAD9B9 /* VMArticlePreviewView.h */ = {isa = PBXFileReference; fileEncoding = 4; lastKnownFileType = sourcecode.c.h; path = VMArticlePreviewView.h; sourceTree = "<group>"; };
		8359AED21917508C00CAD9B9 /* VMArticlePreviewView.m */ = {isa = PBXFileReference; fileEncoding = 4; lastKnownFileType = sourcecode.c.objc; path = VMArticlePreviewView.m; sourceTree = "<group>"; };
		8360925619006E3B00C8EA13 /* VMWareBlogsAPI.h */ = {isa = PBXFileReference; fileEncoding = 4; lastKnownFileType = sourcecode.c.h; path = VMWareBlogsAPI.h; sourceTree = "<group>"; };
		8360925719006E3B00C8EA13 /* VMWareBlogsAPI.m */ = {isa = PBXFileReference; fileEncoding = 4; lastKnownFileType = sourcecode.c.objc; path = VMWareBlogsAPI.m; sourceTree = "<group>"; };
		8360925A19007A7F00C8EA13 /* VMArticleEntityUpdater.h */ = {isa = PBXFileReference; fileEncoding = 4; lastKnownFileType = sourcecode.c.h; path = VMArticleEntityUpdater.h; sourceTree = "<group>"; };
		8360925B19007A7F00C8EA13 /* VMArticleEntityUpdater.m */ = {isa = PBXFileReference; fileEncoding = 4; lastKnownFileType = sourcecode.c.objc; path = VMArticleEntityUpdater.m; sourceTree = "<group>"; };
		8360925E1900BCC200C8EA13 /* VMTestViewController.h */ = {isa = PBXFileReference; fileEncoding = 4; lastKnownFileType = sourcecode.c.h; path = VMTestViewController.h; sourceTree = "<group>"; };
		8360925F1900BCC200C8EA13 /* VMTestViewController.m */ = {isa = PBXFileReference; fileEncoding = 4; lastKnownFileType = sourcecode.c.objc; path = VMTestViewController.m; sourceTree = "<group>"; };
		8399298A18EA04B800F3D713 /* VmWareNavBarImg-568h@2x.png */ = {isa = PBXFileReference; lastKnownFileType = image.png; path = "VmWareNavBarImg-568h@2x.png"; sourceTree = "<group>"; };
		8399298B18EA04B800F3D713 /* VmWareNavBarImg.png */ = {isa = PBXFileReference; lastKnownFileType = image.png; path = VmWareNavBarImg.png; sourceTree = "<group>"; };
		8399298C18EA04B800F3D713 /* VmWareNavBarImg@2x.png */ = {isa = PBXFileReference; lastKnownFileType = image.png; path = "VmWareNavBarImg@2x.png"; sourceTree = "<group>"; };
		8399299C18EA0BF000F3D713 /* placeholder.png */ = {isa = PBXFileReference; lastKnownFileType = image.png; path = placeholder.png; sourceTree = "<group>"; };
		839929A818EA12AA00F3D713 /* navBarLogoNoStatusBar-568h@2x.png */ = {isa = PBXFileReference; lastKnownFileType = image.png; path = "navBarLogoNoStatusBar-568h@2x.png"; sourceTree = "<group>"; };
		839929A918EA12AA00F3D713 /* navBarLogoNoStatusBar.png */ = {isa = PBXFileReference; lastKnownFileType = image.png; path = navBarLogoNoStatusBar.png; sourceTree = "<group>"; };
		839929AA18EA12AA00F3D713 /* navBarLogoNoStatusBar@2x.png */ = {isa = PBXFileReference; lastKnownFileType = image.png; path = "navBarLogoNoStatusBar@2x.png"; sourceTree = "<group>"; };
		83CF9BAB18FDE31B004DFCC4 /* VMMasterViewController.h */ = {isa = PBXFileReference; fileEncoding = 4; lastKnownFileType = sourcecode.c.h; path = VMMasterViewController.h; sourceTree = "<group>"; };
		83CF9BAC18FDE31B004DFCC4 /* VMMasterViewController.m */ = {isa = PBXFileReference; fileEncoding = 4; lastKnownFileType = sourcecode.c.objc; path = VMMasterViewController.m; sourceTree = "<group>"; };
		83E0741E18FEF6FC00ACBD63 /* VMArticleTableViewController.h */ = {isa = PBXFileReference; fileEncoding = 4; lastKnownFileType = sourcecode.c.h; path = VMArticleTableViewController.h; sourceTree = "<group>"; };
		83E0741F18FEF6FC00ACBD63 /* VMArticleTableViewController.m */ = {isa = PBXFileReference; fileEncoding = 4; lastKnownFileType = sourcecode.c.objc; path = VMArticleTableViewController.m; sourceTree = "<group>"; };
		83E0742118FEFF0B00ACBD63 /* VMArticleCell.h */ = {isa = PBXFileReference; fileEncoding = 4; lastKnownFileType = sourcecode.c.h; path = VMArticleCell.h; sourceTree = "<group>"; };
		83E0742218FEFF0B00ACBD63 /* VMArticleCell.m */ = {isa = PBXFileReference; fileEncoding = 4; lastKnownFileType = sourcecode.c.objc; path = VMArticleCell.m; sourceTree = "<group>"; };
		83FE341118CE6F450080C64C /* VMWareBlogs.app */ = {isa = PBXFileReference; explicitFileType = wrapper.application; includeInIndex = 0; path = VMWareBlogs.app; sourceTree = BUILT_PRODUCTS_DIR; };
		83FE341418CE6F450080C64C /* Foundation.framework */ = {isa = PBXFileReference; lastKnownFileType = wrapper.framework; name = Foundation.framework; path = System/Library/Frameworks/Foundation.framework; sourceTree = SDKROOT; };
		83FE341618CE6F450080C64C /* CoreGraphics.framework */ = {isa = PBXFileReference; lastKnownFileType = wrapper.framework; name = CoreGraphics.framework; path = System/Library/Frameworks/CoreGraphics.framework; sourceTree = SDKROOT; };
		83FE341818CE6F450080C64C /* UIKit.framework */ = {isa = PBXFileReference; lastKnownFileType = wrapper.framework; name = UIKit.framework; path = System/Library/Frameworks/UIKit.framework; sourceTree = SDKROOT; };
		83FE341C18CE6F450080C64C /* VMWareBlogs-Info.plist */ = {isa = PBXFileReference; lastKnownFileType = text.plist.xml; path = "VMWareBlogs-Info.plist"; sourceTree = "<group>"; };
		83FE341E18CE6F450080C64C /* en */ = {isa = PBXFileReference; lastKnownFileType = text.plist.strings; name = en; path = en.lproj/InfoPlist.strings; sourceTree = "<group>"; };
		83FE342018CE6F450080C64C /* main.m */ = {isa = PBXFileReference; lastKnownFileType = sourcecode.c.objc; path = main.m; sourceTree = "<group>"; };
		83FE342218CE6F450080C64C /* VMWareBlogs-Prefix.pch */ = {isa = PBXFileReference; lastKnownFileType = sourcecode.c.h; path = "VMWareBlogs-Prefix.pch"; sourceTree = "<group>"; };
		83FE342318CE6F450080C64C /* VMAppDelegate.h */ = {isa = PBXFileReference; lastKnownFileType = sourcecode.c.h; path = VMAppDelegate.h; sourceTree = "<group>"; };
		83FE342418CE6F450080C64C /* VMAppDelegate.m */ = {isa = PBXFileReference; lastKnownFileType = sourcecode.c.objc; path = VMAppDelegate.m; sourceTree = "<group>"; };
		83FE342718CE6F450080C64C /* Base */ = {isa = PBXFileReference; lastKnownFileType = file.storyboard; name = Base; path = Base.lproj/Main.storyboard; sourceTree = "<group>"; };
		83FE342C18CE6F450080C64C /* Images.xcassets */ = {isa = PBXFileReference; lastKnownFileType = folder.assetcatalog; path = Images.xcassets; sourceTree = "<group>"; };
		83FE343218CE6F460080C64C /* VMWareBlogsTests.xctest */ = {isa = PBXFileReference; explicitFileType = wrapper.cfbundle; includeInIndex = 0; path = VMWareBlogsTests.xctest; sourceTree = BUILT_PRODUCTS_DIR; };
		83FE343318CE6F460080C64C /* XCTest.framework */ = {isa = PBXFileReference; lastKnownFileType = wrapper.framework; name = XCTest.framework; path = Library/Frameworks/XCTest.framework; sourceTree = DEVELOPER_DIR; };
		83FE343B18CE6F460080C64C /* VMWareBlogsTests-Info.plist */ = {isa = PBXFileReference; lastKnownFileType = text.plist.xml; path = "VMWareBlogsTests-Info.plist"; sourceTree = "<group>"; };
		83FE343D18CE6F460080C64C /* en */ = {isa = PBXFileReference; lastKnownFileType = text.plist.strings; name = en; path = en.lproj/InfoPlist.strings; sourceTree = "<group>"; };
		83FE343F18CE6F460080C64C /* VMWareBlogsTests.m */ = {isa = PBXFileReference; lastKnownFileType = sourcecode.c.objc; path = VMWareBlogsTests.m; sourceTree = "<group>"; };
		83FE344918CE6FC90080C64C /* VMBlogFeedViewController.h */ = {isa = PBXFileReference; fileEncoding = 4; lastKnownFileType = sourcecode.c.h; path = VMBlogFeedViewController.h; sourceTree = "<group>"; };
		83FE344A18CE6FC90080C64C /* VMBlogFeedViewController.m */ = {isa = PBXFileReference; fileEncoding = 4; lastKnownFileType = sourcecode.c.objc; path = VMBlogFeedViewController.m; sourceTree = "<group>"; };
		83FE344D18CE75670080C64C /* BlogModel.xcdatamodel */ = {isa = PBXFileReference; lastKnownFileType = wrapper.xcdatamodel; path = BlogModel.xcdatamodel; sourceTree = "<group>"; };
		83FE34DD18CFCCA10080C64C /* CoreData.framework */ = {isa = PBXFileReference; lastKnownFileType = wrapper.framework; name = CoreData.framework; path = System/Library/Frameworks/CoreData.framework; sourceTree = SDKROOT; };
		83FE34E518D0199A0080C64C /* Blog.h */ = {isa = PBXFileReference; fileEncoding = 4; lastKnownFileType = sourcecode.c.h; path = Blog.h; sourceTree = "<group>"; };
		83FE34E618D0199A0080C64C /* Blog.m */ = {isa = PBXFileReference; fileEncoding = 4; lastKnownFileType = sourcecode.c.objc; path = Blog.m; sourceTree = "<group>"; };
		83FE34EB18D912770080C64C /* VMNavigationViewController.h */ = {isa = PBXFileReference; fileEncoding = 4; lastKnownFileType = sourcecode.c.h; path = VMNavigationViewController.h; sourceTree = "<group>"; };
		83FE34EC18D912770080C64C /* VMNavigationViewController.m */ = {isa = PBXFileReference; fileEncoding = 4; lastKnownFileType = sourcecode.c.objc; path = VMNavigationViewController.m; sourceTree = "<group>"; };
		83FF03D4190F037B003AF06C /* BlogModel 2.xcdatamodel */ = {isa = PBXFileReference; lastKnownFileType = wrapper.xcdatamodel; path = "BlogModel 2.xcdatamodel"; sourceTree = "<group>"; };
		83FF03D519103C92003AF06C /* BlogModel 3.xcdatamodel */ = {isa = PBXFileReference; lastKnownFileType = wrapper.xcdatamodel; path = "BlogModel 3.xcdatamodel"; sourceTree = "<group>"; };
		83FF03D619103D8C003AF06C /* RecentArticle.h */ = {isa = PBXFileReference; fileEncoding = 4; lastKnownFileType = sourcecode.c.h; path = RecentArticle.h; sourceTree = "<group>"; };
		83FF03D719103D8C003AF06C /* RecentArticle.m */ = {isa = PBXFileReference; fileEncoding = 4; lastKnownFileType = sourcecode.c.objc; path = RecentArticle.m; sourceTree = "<group>"; };
		83FF03D919106519003AF06C /* VMRecentlyReadTableViewController.h */ = {isa = PBXFileReference; fileEncoding = 4; lastKnownFileType = sourcecode.c.h; path = VMRecentlyReadTableViewController.h; sourceTree = "<group>"; };
		83FF03DA19106519003AF06C /* VMRecentlyReadTableViewController.m */ = {isa = PBXFileReference; fileEncoding = 4; lastKnownFileType = sourcecode.c.objc; path = VMRecentlyReadTableViewController.m; sourceTree = "<group>"; };
		83FF03DC1911A984003AF06C /* VMTestScrollViewController.h */ = {isa = PBXFileReference; fileEncoding = 4; lastKnownFileType = sourcecode.c.h; path = VMTestScrollViewController.h; sourceTree = "<group>"; };
		83FF03DD1911A984003AF06C /* VMTestScrollViewController.m */ = {isa = PBXFileReference; fileEncoding = 4; lastKnownFileType = sourcecode.c.objc; path = VMTestScrollViewController.m; sourceTree = "<group>"; };
/* End PBXFileReference section */

/* Begin PBXFrameworksBuildPhase section */
		83FE340E18CE6F450080C64C /* Frameworks */ = {
			isa = PBXFrameworksBuildPhase;
			buildActionMask = 2147483647;
			files = (
				8327409019070C000015923A /* QuartzCore.framework in Frameworks */,
				83FE34DE18CFCCA10080C64C /* CoreData.framework in Frameworks */,
				83FE341718CE6F450080C64C /* CoreGraphics.framework in Frameworks */,
				83FE341918CE6F450080C64C /* UIKit.framework in Frameworks */,
				83FE341518CE6F450080C64C /* Foundation.framework in Frameworks */,
				3206DCAE407843F6B88CF0CF /* libPods.a in Frameworks */,
			);
			runOnlyForDeploymentPostprocessing = 0;
		};
		83FE342F18CE6F460080C64C /* Frameworks */ = {
			isa = PBXFrameworksBuildPhase;
			buildActionMask = 2147483647;
			files = (
				83FE343418CE6F460080C64C /* XCTest.framework in Frameworks */,
				83FE343618CE6F460080C64C /* UIKit.framework in Frameworks */,
				83FE343518CE6F460080C64C /* Foundation.framework in Frameworks */,
			);
			runOnlyForDeploymentPostprocessing = 0;
		};
/* End PBXFrameworksBuildPhase section */

/* Begin PBXGroup section */
		8360925419006A4B00C8EA13 /* CoreClasses */ = {
			isa = PBXGroup;
			children = (
				83FE342318CE6F450080C64C /* VMAppDelegate.h */,
				83FE342418CE6F450080C64C /* VMAppDelegate.m */,
				83FE34EB18D912770080C64C /* VMNavigationViewController.h */,
				83FE34EC18D912770080C64C /* VMNavigationViewController.m */,
				83CF9BAB18FDE31B004DFCC4 /* VMMasterViewController.h */,
				83CF9BAC18FDE31B004DFCC4 /* VMMasterViewController.m */,
				83E0741E18FEF6FC00ACBD63 /* VMArticleTableViewController.h */,
				83E0741F18FEF6FC00ACBD63 /* VMArticleTableViewController.m */,
				83E0742118FEFF0B00ACBD63 /* VMArticleCell.h */,
				83E0742218FEFF0B00ACBD63 /* VMArticleCell.m */,
				8360925E1900BCC200C8EA13 /* VMTestViewController.h */,
				8360925F1900BCC200C8EA13 /* VMTestViewController.m */,
			);
			name = CoreClasses;
			sourceTree = "<group>";
		};
		8360925519006E1600C8EA13 /* VMWareBlogsAPI */ = {
			isa = PBXGroup;
			children = (
				8360925619006E3B00C8EA13 /* VMWareBlogsAPI.h */,
				8360925719006E3B00C8EA13 /* VMWareBlogsAPI.m */,
			);
			name = VMWareBlogsAPI;
			sourceTree = "<group>";
		};
		83609259190072C300C8EA13 /* Tools */ = {
			isa = PBXGroup;
			children = (
			);
			name = Tools;
			sourceTree = "<group>";
		};
		8360925D19007A8D00C8EA13 /* DataModel */ = {
			isa = PBXGroup;
			children = (
				8360925A19007A7F00C8EA13 /* VMArticleEntityUpdater.h */,
				8360925B19007A7F00C8EA13 /* VMArticleEntityUpdater.m */,
				83FE344C18CE75670080C64C /* BlogModel.xcdatamodeld */,
				83FE34E518D0199A0080C64C /* Blog.h */,
				83FE34E618D0199A0080C64C /* Blog.m */,
				83FF03D619103D8C003AF06C /* RecentArticle.h */,
				83FF03D719103D8C003AF06C /* RecentArticle.m */,
			);
			name = DataModel;
			sourceTree = "<group>";
		};
		8399297C18E3AEF800F3D713 /* Images */ = {
			isa = PBXGroup;
			children = (
				8327408C190701230015923A /* vmWareBlogsTestPlaceholder.jpg */,
				8311E33018F52FAE0053B4D6 /* markAsReadIcon.png */,
				8311E32D18F52CC40053B4D6 /* folderIcon.png */,
				839929A818EA12AA00F3D713 /* navBarLogoNoStatusBar-568h@2x.png */,
				839929A918EA12AA00F3D713 /* navBarLogoNoStatusBar.png */,
				839929AA18EA12AA00F3D713 /* navBarLogoNoStatusBar@2x.png */,
				8399299C18EA0BF000F3D713 /* placeholder.png */,
				8399298A18EA04B800F3D713 /* VmWareNavBarImg-568h@2x.png */,
				8399298B18EA04B800F3D713 /* VmWareNavBarImg.png */,
				8399298C18EA04B800F3D713 /* VmWareNavBarImg@2x.png */,
			);
			name = Images;
			sourceTree = "<group>";
		};
		83FE340818CE6F450080C64C = {
			isa = PBXGroup;
			children = (
				83FE341A18CE6F450080C64C /* VMWareBlogs */,
				83FE343918CE6F460080C64C /* VMWareBlogsTests */,
				83FE341318CE6F450080C64C /* Frameworks */,
				83FE341218CE6F450080C64C /* Products */,
				2510EC6ACFD44C4787D61132 /* Pods.xcconfig */,
			);
			sourceTree = "<group>";
		};
		83FE341218CE6F450080C64C /* Products */ = {
			isa = PBXGroup;
			children = (
				83FE341118CE6F450080C64C /* VMWareBlogs.app */,
				83FE343218CE6F460080C64C /* VMWareBlogsTests.xctest */,
			);
			name = Products;
			sourceTree = "<group>";
		};
		83FE341318CE6F450080C64C /* Frameworks */ = {
			isa = PBXGroup;
			children = (
				8327408F19070C000015923A /* QuartzCore.framework */,
				83FE34DD18CFCCA10080C64C /* CoreData.framework */,
				83FE341418CE6F450080C64C /* Foundation.framework */,
				83FE341618CE6F450080C64C /* CoreGraphics.framework */,
				83FE341818CE6F450080C64C /* UIKit.framework */,
				83FE343318CE6F460080C64C /* XCTest.framework */,
				6853D35B6BC3472F91A23ABD /* libPods.a */,
			);
			name = Frameworks;
			sourceTree = "<group>";
		};
		83FE341A18CE6F450080C64C /* VMWareBlogs */ = {
			isa = PBXGroup;
			children = (
				83FE342618CE6F450080C64C /* Main.storyboard */,
				83FF03DC1911A984003AF06C /* VMTestScrollViewController.h */,
				83FF03DD1911A984003AF06C /* VMTestScrollViewController.m */,
				83585EA819122ED8001D5275 /* VMArticePreviewScrollView.h */,
				83585EA919122ED8001D5275 /* VMArticePreviewScrollView.m */,
				8359AED11917508C00CAD9B9 /* VMArticlePreviewView.h */,
				8359AED21917508C00CAD9B9 /* VMArticlePreviewView.m */,
				8360925D19007A8D00C8EA13 /* DataModel */,
				83609259190072C300C8EA13 /* Tools */,
				8360925519006E1600C8EA13 /* VMWareBlogsAPI */,
				8360925419006A4B00C8EA13 /* CoreClasses */,
				83FE342C18CE6F450080C64C /* Images.xcassets */,
				83FE344918CE6FC90080C64C /* VMBlogFeedViewController.h */,
				83FE344A18CE6FC90080C64C /* VMBlogFeedViewController.m */,
				8311E32A18F33F850053B4D6 /* VMArticleViewController.h */,
				8311E32B18F33F850053B4D6 /* VMArticleViewController.m */,
				83FF03D919106519003AF06C /* VMRecentlyReadTableViewController.h */,
				83FF03DA19106519003AF06C /* VMRecentlyReadTableViewController.m */,
				83FE341B18CE6F450080C64C /* Supporting Files */,
			);
			path = VMWareBlogs;
			sourceTree = "<group>";
		};
		83FE341B18CE6F450080C64C /* Supporting Files */ = {
			isa = PBXGroup;
			children = (
				83FE341C18CE6F450080C64C /* VMWareBlogs-Info.plist */,
				83FE341D18CE6F450080C64C /* InfoPlist.strings */,
				83FE342018CE6F450080C64C /* main.m */,
				83FE342218CE6F450080C64C /* VMWareBlogs-Prefix.pch */,
			);
			name = "Supporting Files";
			sourceTree = "<group>";
		};
		83FE343918CE6F460080C64C /* VMWareBlogsTests */ = {
			isa = PBXGroup;
			children = (
				8399297C18E3AEF800F3D713 /* Images */,
				83FE343F18CE6F460080C64C /* VMWareBlogsTests.m */,
				83FE343A18CE6F460080C64C /* Supporting Files */,
			);
			path = VMWareBlogsTests;
			sourceTree = "<group>";
		};
		83FE343A18CE6F460080C64C /* Supporting Files */ = {
			isa = PBXGroup;
			children = (
				83FE343B18CE6F460080C64C /* VMWareBlogsTests-Info.plist */,
				83FE343C18CE6F460080C64C /* InfoPlist.strings */,
			);
			name = "Supporting Files";
			sourceTree = "<group>";
		};
/* End PBXGroup section */

/* Begin PBXNativeTarget section */
		83FE341018CE6F450080C64C /* VMWareBlogs */ = {
			isa = PBXNativeTarget;
			buildConfigurationList = 83FE344318CE6F460080C64C /* Build configuration list for PBXNativeTarget "VMWareBlogs" */;
			buildPhases = (
				8EF98BF57A7B45BAA5E8E7A6 /* Check Pods Manifest.lock */,
				83FE340D18CE6F450080C64C /* Sources */,
				83FE340E18CE6F450080C64C /* Frameworks */,
				83FE340F18CE6F450080C64C /* Resources */,
				830B385BD5114E5C9769DE42 /* Copy Pods Resources */,
			);
			buildRules = (
			);
			dependencies = (
			);
			name = VMWareBlogs;
			productName = VMWareBlogs;
			productReference = 83FE341118CE6F450080C64C /* VMWareBlogs.app */;
			productType = "com.apple.product-type.application";
		};
		83FE343118CE6F460080C64C /* VMWareBlogsTests */ = {
			isa = PBXNativeTarget;
			buildConfigurationList = 83FE344618CE6F460080C64C /* Build configuration list for PBXNativeTarget "VMWareBlogsTests" */;
			buildPhases = (
				83FE342E18CE6F460080C64C /* Sources */,
				83FE342F18CE6F460080C64C /* Frameworks */,
				83FE343018CE6F460080C64C /* Resources */,
			);
			buildRules = (
			);
			dependencies = (
				83FE343818CE6F460080C64C /* PBXTargetDependency */,
			);
			name = VMWareBlogsTests;
			productName = VMWareBlogsTests;
			productReference = 83FE343218CE6F460080C64C /* VMWareBlogsTests.xctest */;
			productType = "com.apple.product-type.bundle.unit-test";
		};
/* End PBXNativeTarget section */

/* Begin PBXProject section */
		83FE340918CE6F450080C64C /* Project object */ = {
			isa = PBXProject;
			attributes = {
				CLASSPREFIX = VM;
				LastUpgradeCheck = 0500;
				ORGANIZATIONNAME = "Justin Warmkessel";
				TargetAttributes = {
					83FE343118CE6F460080C64C = {
						TestTargetID = 83FE341018CE6F450080C64C;
					};
				};
			};
			buildConfigurationList = 83FE340C18CE6F450080C64C /* Build configuration list for PBXProject "VMWareBlogs" */;
			compatibilityVersion = "Xcode 3.2";
			developmentRegion = English;
			hasScannedForEncodings = 0;
			knownRegions = (
				en,
				Base,
			);
			mainGroup = 83FE340818CE6F450080C64C;
			productRefGroup = 83FE341218CE6F450080C64C /* Products */;
			projectDirPath = "";
			projectRoot = "";
			targets = (
				83FE341018CE6F450080C64C /* VMWareBlogs */,
				83FE343118CE6F460080C64C /* VMWareBlogsTests */,
			);
		};
/* End PBXProject section */

/* Begin PBXResourcesBuildPhase section */
		83FE340F18CE6F450080C64C /* Resources */ = {
			isa = PBXResourcesBuildPhase;
			buildActionMask = 2147483647;
			files = (
				8399299118EA04B800F3D713 /* VmWareNavBarImg@2x.png in Resources */,
				8311E33118F52FAE0053B4D6 /* markAsReadIcon.png in Resources */,
				83FE342D18CE6F450080C64C /* Images.xcassets in Resources */,
				839929AF18EA12AA00F3D713 /* navBarLogoNoStatusBar@2x.png in Resources */,
				8399298D18EA04B800F3D713 /* VmWareNavBarImg-568h@2x.png in Resources */,
				839929AD18EA12AA00F3D713 /* navBarLogoNoStatusBar.png in Resources */,
				8399299D18EA0BF000F3D713 /* placeholder.png in Resources */,
				8327408D190701230015923A /* vmWareBlogsTestPlaceholder.jpg in Resources */,
				8399298F18EA04B800F3D713 /* VmWareNavBarImg.png in Resources */,
				8311E32E18F52CC40053B4D6 /* folderIcon.png in Resources */,
				839929AB18EA12AA00F3D713 /* navBarLogoNoStatusBar-568h@2x.png in Resources */,
				83FE341F18CE6F450080C64C /* InfoPlist.strings in Resources */,
				83FE342818CE6F450080C64C /* Main.storyboard in Resources */,
			);
			runOnlyForDeploymentPostprocessing = 0;
		};
		83FE343018CE6F460080C64C /* Resources */ = {
			isa = PBXResourcesBuildPhase;
			buildActionMask = 2147483647;
			files = (
				8399299218EA04B800F3D713 /* VmWareNavBarImg@2x.png in Resources */,
				8327408E190701230015923A /* vmWareBlogsTestPlaceholder.jpg in Resources */,
				8311E33218F52FAE0053B4D6 /* markAsReadIcon.png in Resources */,
				83FE343E18CE6F460080C64C /* InfoPlist.strings in Resources */,
				839929B018EA12AA00F3D713 /* navBarLogoNoStatusBar@2x.png in Resources */,
				8399299E18EA0BF000F3D713 /* placeholder.png in Resources */,
				839929AE18EA12AA00F3D713 /* navBarLogoNoStatusBar.png in Resources */,
				839929AC18EA12AA00F3D713 /* navBarLogoNoStatusBar-568h@2x.png in Resources */,
				8311E32F18F52CC40053B4D6 /* folderIcon.png in Resources */,
				8399299018EA04B800F3D713 /* VmWareNavBarImg.png in Resources */,
				8399298E18EA04B800F3D713 /* VmWareNavBarImg-568h@2x.png in Resources */,
			);
			runOnlyForDeploymentPostprocessing = 0;
		};
/* End PBXResourcesBuildPhase section */

/* Begin PBXShellScriptBuildPhase section */
		830B385BD5114E5C9769DE42 /* Copy Pods Resources */ = {
			isa = PBXShellScriptBuildPhase;
			buildActionMask = 2147483647;
			files = (
			);
			inputPaths = (
			);
			name = "Copy Pods Resources";
			outputPaths = (
			);
			runOnlyForDeploymentPostprocessing = 0;
			shellPath = /bin/sh;
			shellScript = "\"${SRCROOT}/Pods/Pods-resources.sh\"\n";
			showEnvVarsInLog = 0;
		};
		8EF98BF57A7B45BAA5E8E7A6 /* Check Pods Manifest.lock */ = {
			isa = PBXShellScriptBuildPhase;
			buildActionMask = 2147483647;
			files = (
			);
			inputPaths = (
			);
			name = "Check Pods Manifest.lock";
			outputPaths = (
			);
			runOnlyForDeploymentPostprocessing = 0;
			shellPath = /bin/sh;
			shellScript = "diff \"${PODS_ROOT}/../Podfile.lock\" \"${PODS_ROOT}/Manifest.lock\" > /dev/null\nif [[ $? != 0 ]] ; then\n    cat << EOM\nerror: The sandbox is not in sync with the Podfile.lock. Run 'pod install' or update your CocoaPods installation.\nEOM\n    exit 1\nfi\n";
			showEnvVarsInLog = 0;
		};
/* End PBXShellScriptBuildPhase section */

/* Begin PBXSourcesBuildPhase section */
		83FE340D18CE6F450080C64C /* Sources */ = {
			isa = PBXSourcesBuildPhase;
			buildActionMask = 2147483647;
			files = (
				83FF03D819103D8C003AF06C /* RecentArticle.m in Sources */,
				83FE34E718D0199A0080C64C /* Blog.m in Sources */,
				83E0742318FEFF0B00ACBD63 /* VMArticleCell.m in Sources */,
				83FE342118CE6F450080C64C /* main.m in Sources */,
				83FE34ED18D912770080C64C /* VMNavigationViewController.m in Sources */,
				83FE342518CE6F450080C64C /* VMAppDelegate.m in Sources */,
				83FE344E18CE75670080C64C /* BlogModel.xcdatamodeld in Sources */,
				83585EAA19122ED8001D5275 /* VMArticePreviewScrollView.m in Sources */,
				83E0742018FEF6FC00ACBD63 /* VMArticleTableViewController.m in Sources */,
				83FF03DE1911A984003AF06C /* VMTestScrollViewController.m in Sources */,
				8311E32C18F33F850053B4D6 /* VMArticleViewController.m in Sources */,
				8360925C19007A7F00C8EA13 /* VMArticleEntityUpdater.m in Sources */,
				836092601900BCC200C8EA13 /* VMTestViewController.m in Sources */,
				83FF03DB19106519003AF06C /* VMRecentlyReadTableViewController.m in Sources */,
				83CF9BAD18FDE31B004DFCC4 /* VMMasterViewController.m in Sources */,
				8360925819006E3B00C8EA13 /* VMWareBlogsAPI.m in Sources */,
				83FE344B18CE6FC90080C64C /* VMBlogFeedViewController.m in Sources */,
				8359AED31917508C00CAD9B9 /* VMArticlePreviewView.m in Sources */,
			);
			runOnlyForDeploymentPostprocessing = 0;
		};
		83FE342E18CE6F460080C64C /* Sources */ = {
			isa = PBXSourcesBuildPhase;
			buildActionMask = 2147483647;
			files = (
				83FE344018CE6F460080C64C /* VMWareBlogsTests.m in Sources */,
			);
			runOnlyForDeploymentPostprocessing = 0;
		};
/* End PBXSourcesBuildPhase section */

/* Begin PBXTargetDependency section */
		83FE343818CE6F460080C64C /* PBXTargetDependency */ = {
			isa = PBXTargetDependency;
			target = 83FE341018CE6F450080C64C /* VMWareBlogs */;
			targetProxy = 83FE343718CE6F460080C64C /* PBXContainerItemProxy */;
		};
/* End PBXTargetDependency section */

/* Begin PBXVariantGroup section */
		83FE341D18CE6F450080C64C /* InfoPlist.strings */ = {
			isa = PBXVariantGroup;
			children = (
				83FE341E18CE6F450080C64C /* en */,
			);
			name = InfoPlist.strings;
			sourceTree = "<group>";
		};
		83FE342618CE6F450080C64C /* Main.storyboard */ = {
			isa = PBXVariantGroup;
			children = (
				83FE342718CE6F450080C64C /* Base */,
			);
			name = Main.storyboard;
			sourceTree = "<group>";
		};
		83FE343C18CE6F460080C64C /* InfoPlist.strings */ = {
			isa = PBXVariantGroup;
			children = (
				83FE343D18CE6F460080C64C /* en */,
			);
			name = InfoPlist.strings;
			sourceTree = "<group>";
		};
/* End PBXVariantGroup section */

/* Begin XCBuildConfiguration section */
		83FE344118CE6F460080C64C /* Debug */ = {
			isa = XCBuildConfiguration;
			buildSettings = {
				ALWAYS_SEARCH_USER_PATHS = NO;
				ARCHS = "$(ARCHS_STANDARD_INCLUDING_64_BIT)";
				CLANG_CXX_LANGUAGE_STANDARD = "gnu++0x";
				CLANG_CXX_LIBRARY = "libc++";
				CLANG_ENABLE_MODULES = YES;
				CLANG_ENABLE_OBJC_ARC = YES;
				CLANG_WARN_BOOL_CONVERSION = YES;
				CLANG_WARN_CONSTANT_CONVERSION = YES;
				CLANG_WARN_DIRECT_OBJC_ISA_USAGE = YES_ERROR;
				CLANG_WARN_EMPTY_BODY = YES;
				CLANG_WARN_ENUM_CONVERSION = YES;
				CLANG_WARN_INT_CONVERSION = YES;
				CLANG_WARN_OBJC_ROOT_CLASS = YES_ERROR;
				CLANG_WARN__DUPLICATE_METHOD_MATCH = YES;
				"CODE_SIGN_IDENTITY[sdk=iphoneos*]" = "iPhone Developer";
				COPY_PHASE_STRIP = NO;
				GCC_C_LANGUAGE_STANDARD = gnu99;
				GCC_DYNAMIC_NO_PIC = NO;
				GCC_OPTIMIZATION_LEVEL = 0;
				GCC_PREPROCESSOR_DEFINITIONS = (
					"DEBUG=1",
					"$(inherited)",
				);
				GCC_SYMBOLS_PRIVATE_EXTERN = NO;
				GCC_WARN_64_TO_32_BIT_CONVERSION = YES;
				GCC_WARN_ABOUT_RETURN_TYPE = YES_ERROR;
				GCC_WARN_UNDECLARED_SELECTOR = YES;
				GCC_WARN_UNINITIALIZED_AUTOS = YES;
				GCC_WARN_UNUSED_FUNCTION = YES;
				GCC_WARN_UNUSED_VARIABLE = YES;
				IPHONEOS_DEPLOYMENT_TARGET = 7.0;
				ONLY_ACTIVE_ARCH = YES;
				SDKROOT = iphoneos;
			};
			name = Debug;
		};
		83FE344218CE6F460080C64C /* Release */ = {
			isa = XCBuildConfiguration;
			buildSettings = {
				ALWAYS_SEARCH_USER_PATHS = NO;
				ARCHS = "$(ARCHS_STANDARD_INCLUDING_64_BIT)";
				CLANG_CXX_LANGUAGE_STANDARD = "gnu++0x";
				CLANG_CXX_LIBRARY = "libc++";
				CLANG_ENABLE_MODULES = YES;
				CLANG_ENABLE_OBJC_ARC = YES;
				CLANG_WARN_BOOL_CONVERSION = YES;
				CLANG_WARN_CONSTANT_CONVERSION = YES;
				CLANG_WARN_DIRECT_OBJC_ISA_USAGE = YES_ERROR;
				CLANG_WARN_EMPTY_BODY = YES;
				CLANG_WARN_ENUM_CONVERSION = YES;
				CLANG_WARN_INT_CONVERSION = YES;
				CLANG_WARN_OBJC_ROOT_CLASS = YES_ERROR;
				CLANG_WARN__DUPLICATE_METHOD_MATCH = YES;
				"CODE_SIGN_IDENTITY[sdk=iphoneos*]" = "iPhone Developer";
				COPY_PHASE_STRIP = YES;
				ENABLE_NS_ASSERTIONS = NO;
				GCC_C_LANGUAGE_STANDARD = gnu99;
				GCC_WARN_64_TO_32_BIT_CONVERSION = YES;
				GCC_WARN_ABOUT_RETURN_TYPE = YES_ERROR;
				GCC_WARN_UNDECLARED_SELECTOR = YES;
				GCC_WARN_UNINITIALIZED_AUTOS = YES;
				GCC_WARN_UNUSED_FUNCTION = YES;
				GCC_WARN_UNUSED_VARIABLE = YES;
				IPHONEOS_DEPLOYMENT_TARGET = 7.0;
				SDKROOT = iphoneos;
				VALIDATE_PRODUCT = YES;
			};
			name = Release;
		};
		83FE344418CE6F460080C64C /* Debug */ = {
			isa = XCBuildConfiguration;
			baseConfigurationReference = 2510EC6ACFD44C4787D61132 /* Pods.xcconfig */;
			buildSettings = {
				ASSETCATALOG_COMPILER_APPICON_NAME = AppIcon;
				ASSETCATALOG_COMPILER_LAUNCHIMAGE_NAME = LaunchImage;
				GCC_PRECOMPILE_PREFIX_HEADER = YES;
				GCC_PREFIX_HEADER = "VMWareBlogs/VMWareBlogs-Prefix.pch";
				INFOPLIST_FILE = "VMWareBlogs/VMWareBlogs-Info.plist";
				PRODUCT_NAME = "$(TARGET_NAME)";
				WRAPPER_EXTENSION = app;
			};
			name = Debug;
		};
		83FE344518CE6F460080C64C /* Release */ = {
			isa = XCBuildConfiguration;
			baseConfigurationReference = 2510EC6ACFD44C4787D61132 /* Pods.xcconfig */;
			buildSettings = {
				ASSETCATALOG_COMPILER_APPICON_NAME = AppIcon;
				ASSETCATALOG_COMPILER_LAUNCHIMAGE_NAME = LaunchImage;
				GCC_PRECOMPILE_PREFIX_HEADER = YES;
				GCC_PREFIX_HEADER = "VMWareBlogs/VMWareBlogs-Prefix.pch";
				INFOPLIST_FILE = "VMWareBlogs/VMWareBlogs-Info.plist";
				PRODUCT_NAME = "$(TARGET_NAME)";
				WRAPPER_EXTENSION = app;
			};
			name = Release;
		};
		83FE344718CE6F460080C64C /* Debug */ = {
			isa = XCBuildConfiguration;
			buildSettings = {
				ARCHS = "$(ARCHS_STANDARD_INCLUDING_64_BIT)";
				BUNDLE_LOADER = "$(BUILT_PRODUCTS_DIR)/VMWareBlogs.app/VMWareBlogs";
				FRAMEWORK_SEARCH_PATHS = (
					"$(SDKROOT)/Developer/Library/Frameworks",
					"$(inherited)",
					"$(DEVELOPER_FRAMEWORKS_DIR)",
				);
				GCC_PRECOMPILE_PREFIX_HEADER = YES;
				GCC_PREFIX_HEADER = "VMWareBlogs/VMWareBlogs-Prefix.pch";
				GCC_PREPROCESSOR_DEFINITIONS = (
					"DEBUG=1",
					"$(inherited)",
				);
				INFOPLIST_FILE = "VMWareBlogsTests/VMWareBlogsTests-Info.plist";
				PRODUCT_NAME = "$(TARGET_NAME)";
				TEST_HOST = "$(BUNDLE_LOADER)";
				WRAPPER_EXTENSION = xctest;
			};
			name = Debug;
		};
		83FE344818CE6F460080C64C /* Release */ = {
			isa = XCBuildConfiguration;
			buildSettings = {
				ARCHS = "$(ARCHS_STANDARD_INCLUDING_64_BIT)";
				BUNDLE_LOADER = "$(BUILT_PRODUCTS_DIR)/VMWareBlogs.app/VMWareBlogs";
				FRAMEWORK_SEARCH_PATHS = (
					"$(SDKROOT)/Developer/Library/Frameworks",
					"$(inherited)",
					"$(DEVELOPER_FRAMEWORKS_DIR)",
				);
				GCC_PRECOMPILE_PREFIX_HEADER = YES;
				GCC_PREFIX_HEADER = "VMWareBlogs/VMWareBlogs-Prefix.pch";
				INFOPLIST_FILE = "VMWareBlogsTests/VMWareBlogsTests-Info.plist";
				PRODUCT_NAME = "$(TARGET_NAME)";
				TEST_HOST = "$(BUNDLE_LOADER)";
				WRAPPER_EXTENSION = xctest;
			};
			name = Release;
		};
/* End XCBuildConfiguration section */

/* Begin XCConfigurationList section */
		83FE340C18CE6F450080C64C /* Build configuration list for PBXProject "VMWareBlogs" */ = {
			isa = XCConfigurationList;
			buildConfigurations = (
				83FE344118CE6F460080C64C /* Debug */,
				83FE344218CE6F460080C64C /* Release */,
			);
			defaultConfigurationIsVisible = 0;
			defaultConfigurationName = Release;
		};
		83FE344318CE6F460080C64C /* Build configuration list for PBXNativeTarget "VMWareBlogs" */ = {
			isa = XCConfigurationList;
			buildConfigurations = (
				83FE344418CE6F460080C64C /* Debug */,
				83FE344518CE6F460080C64C /* Release */,
			);
			defaultConfigurationIsVisible = 0;
			defaultConfigurationName = Release;
		};
		83FE344618CE6F460080C64C /* Build configuration list for PBXNativeTarget "VMWareBlogsTests" */ = {
			isa = XCConfigurationList;
			buildConfigurations = (
				83FE344718CE6F460080C64C /* Debug */,
				83FE344818CE6F460080C64C /* Release */,
			);
			defaultConfigurationIsVisible = 0;
			defaultConfigurationName = Release;
		};
/* End XCConfigurationList section */

/* Begin XCVersionGroup section */
		83FE344C18CE75670080C64C /* BlogModel.xcdatamodeld */ = {
			isa = XCVersionGroup;
			children = (
				83FF03D4190F037B003AF06C /* BlogModel 2.xcdatamodel */,
				83FF03D519103C92003AF06C /* BlogModel 3.xcdatamodel */,
				83FE344D18CE75670080C64C /* BlogModel.xcdatamodel */,
			);
			currentVersion = 83FF03D519103C92003AF06C /* BlogModel 3.xcdatamodel */;
			path = BlogModel.xcdatamodeld;
			sourceTree = "<group>";
			versionGroupType = wrapper.xcdatamodel;
		};
/* End XCVersionGroup section */
	};
	rootObject = 83FE340918CE6F450080C64C /* Project object */;
}
